# THIS IS AN AUTOGENERATED FILE. DO NOT EDIT THIS FILE DIRECTLY.
# yarn lockfile v1


evdev@^0.3.0:
  version "0.3.0"
  resolved "https://registry.yarnpkg.com/evdev/-/evdev-0.3.0.tgz#0ec462d39d60f801415a7b0a5e12272066c1e56c"
  integrity sha512-drtE6rsavEy586BRi57LPpyGwHTbzJc+RA43LmdfIr2fMC4Ez5JGZ0ybTkEorsTv6Y027ISyGp7QHu0NON2wFA==
